# This is a Gradle generated file for dependency locking.
# Manual edits can break the build and are not advised.
# This file is expected to be part of source control.
ch.qos.logback:logback-classic:1.5.18=compileClasspath
ch.qos.logback:logback-core:1.5.18=compileClasspath
com.auth0:java-jwt:4.5.0=compileClasspath
com.fasterxml.jackson.core:jackson-annotations:2.15.4=compileClasspath
com.fasterxml.jackson.core:jackson-core:2.15.4=compileClasspath
com.fasterxml.jackson.core:jackson-databind:2.15.4=compileClasspath
com.fasterxml.jackson:jackson-bom:2.15.4=compileClasspath
com.google.errorprone:error_prone_annotations:2.36.0=compileClasspath
com.google.guava:failureaccess:1.0.3=compileClasspath
com.google.guava:guava:33.4.8-jre=compileClasspath
com.google.guava:listenablefuture:9999.0-empty-to-avoid-conflict-with-guava=compileClasspath
com.google.j2objc:j2objc-annotations:3.0.0=compileClasspath
com.typesafe:config:1.4.3=compileClasspath
io.github.doip-sim-ecu:doip-sim-ecu-dsl:0.22.0=compileClasspath
io.ktor:ktor-events-jvm:3.2.3=compileClasspath
io.ktor:ktor-events:3.2.3=compileClasspath
io.ktor:ktor-http-cio-jvm:3.2.3=compileClasspath
io.ktor:ktor-http-cio:3.2.3=compileClasspath
io.ktor:ktor-http-jvm:3.2.3=compileClasspath
io.ktor:ktor-http:3.2.3=compileClasspath
io.ktor:ktor-io-jvm:3.2.3=compileClasspath
io.ktor:ktor-io:3.2.3=compileClasspath
io.ktor:ktor-network-jvm:3.2.3=compileClasspath
io.ktor:ktor-network:3.2.3=compileClasspath
io.ktor:ktor-serialization-jvm:3.2.3=compileClasspath
io.ktor:ktor-serialization-kotlinx-json-jvm:3.2.3=compileClasspath
io.ktor:ktor-serialization-kotlinx-json:3.2.3=compileClasspath
io.ktor:ktor-serialization-kotlinx-jvm:3.2.3=compileClasspath
io.ktor:ktor-serialization-kotlinx:3.2.3=compileClasspath
io.ktor:ktor-serialization:3.2.3=compileClasspath
io.ktor:ktor-server-cio-jvm:3.2.3=compileClasspath
io.ktor:ktor-server-cio:3.2.3=compileClasspath
io.ktor:ktor-server-content-negotiation-jvm:3.2.3=compileClasspath
io.ktor:ktor-server-content-negotiation:3.2.3=compileClasspath
io.ktor:ktor-server-core-jvm:3.2.3=compileClasspath
io.ktor:ktor-server-core:3.2.3=compileClasspath
io.ktor:ktor-utils-jvm:3.2.3=compileClasspath
io.ktor:ktor-utils:3.2.3=compileClasspath
io.ktor:ktor-websockets-jvm:3.2.3=compileClasspath
io.ktor:ktor-websockets:3.2.3=compileClasspath
org.jetbrains.kotlin:kotlin-reflect:2.1.21=compileClasspath
org.jetbrains.kotlin:kotlin-stdlib:2.2.10=compileClasspath
org.jetbrains.kotlinx:kotlinx-coroutines-bom:1.10.2=compileClasspath
org.jetbrains.kotlinx:kotlinx-coroutines-core-jvm:1.10.2=compileClasspath
org.jetbrains.kotlinx:kotlinx-coroutines-core:1.10.2=compileClasspath
org.jetbrains.kotlinx:kotlinx-io-bytestring-jvm:0.7.0=compileClasspath
org.jetbrains.kotlinx:kotlinx-io-bytestring:0.7.0=compileClasspath
org.jetbrains.kotlinx:kotlinx-io-core-jvm:0.7.0=compileClasspath
org.jetbrains.kotlinx:kotlinx-io-core:0.7.0=compileClasspath
org.jetbrains.kotlinx:kotlinx-serialization-bom:1.8.1=compileClasspath
org.jetbrains.kotlinx:kotlinx-serialization-core-jvm:1.8.1=compileClasspath
org.jetbrains.kotlinx:kotlinx-serialization-core:1.8.1=compileClasspath
org.jetbrains.kotlinx:kotlinx-serialization-json-io-jvm:1.8.1=compileClasspath
org.jetbrains.kotlinx:kotlinx-serialization-json-io:1.8.1=compileClasspath
org.jetbrains.kotlinx:kotlinx-serialization-json-jvm:1.8.1=compileClasspath
org.jetbrains.kotlinx:kotlinx-serialization-json:1.8.1=compileClasspath
org.jetbrains:annotations:23.0.0=compileClasspath
org.jspecify:jspecify:1.0.0=compileClasspath
org.slf4j:slf4j-api:2.0.17=compileClasspath
empty=
